
Microsoft Visual Studio Solution File, Format Version 12.00
# Visual Studio Version 17
VisualStudioVersion = 17.4.33213.308
MinimumVisualStudioVersion = 10.0.40219.1
Project("{2150E333-8FDC-42A3-9474-1A3956D46DE8}") = "Presentation", "Presentation", "{30795911-6AD9-485E-976D-B262AA945C3A}"
EndProject
Project("{9A19103F-16F7-4668-BE54-9A1E7A4F7556}") = "TvMazeScraper.WebApi", "TvMazeScraper.WebApi\TvMazeScraper.WebApi.csproj", "{D84696A4-EC05-442A-A351-FA87628933DB}"
EndProject
Project("{2150E333-8FDC-42A3-9474-1A3956D46DE8}") = "Application", "Application", "{05E4CAF5-5AC3-446F-B0A7-AD380D7243AC}"
EndProject
Project("{2150E333-8FDC-42A3-9474-1A3956D46DE8}") = "Infrastructure", "Infrastructure", "{09B38E55-6317-4F09-9B24-AD714ED06C32}"
EndProject
Project("{2150E333-8FDC-42A3-9474-1A3956D46DE8}") = "Abstractions", "Abstractions", "{F7009165-1C99-41AA-85ED-44735C6AE0FB}"
EndProject
Project("{9A19103F-16F7-4668-BE54-9A1E7A4F7556}") = "TvMaze.Infrastructure.Abstractions", "TvMazeScraper.Infrastructure.Abstractions\TvMaze.Infrastructure.Abstractions.csproj", "{54C9E4EC-912D-4E79-9DB9-F4C4551E621E}"
EndProject
Project("{2150E333-8FDC-42A3-9474-1A3956D46DE8}") = "Domain", "Domain", "{F24DF618-C67F-432D-B756-2F5F78D481DF}"
EndProject
Project("{9A19103F-16F7-4668-BE54-9A1E7A4F7556}") = "TvMaze.Domain", "TvMaze.Domain\TvMaze.Domain.csproj", "{F5070884-F094-4612-9641-9E02ABE84145}"
EndProject
Project("{9A19103F-16F7-4668-BE54-9A1E7A4F7556}") = "TvMaze.Persistence", "TvMaze.Persistence\TvMaze.Persistence.csproj", "{976BB033-5EB8-4E8E-B381-3C55E75E5F80}"
EndProject
Project("{9A19103F-16F7-4668-BE54-9A1E7A4F7556}") = "TvMaze.Persistence.Abstractions", "TvMaze.Persistence.Abstractions\TvMaze.Persistence.Abstractions.csproj", "{06F03243-4E51-4302-9D85-7D49EF96F3C3}"
EndProject
Project("{9A19103F-16F7-4668-BE54-9A1E7A4F7556}") = "TvMaze.Application", "TvMaze.Application\TvMaze.Application.csproj", "{3259FF25-1B97-43EF-9AAF-F2F6873C8767}"
EndProject
Project("{9A19103F-16F7-4668-BE54-9A1E7A4F7556}") = "TvMaze.Application.Abstractions", "TvMaze.Application.Abstractions\TvMaze.Application.Abstractions.csproj", "{660383E2-429B-4B82-9B3D-7AE18A38B040}"
EndProject
Project("{9A19103F-16F7-4668-BE54-9A1E7A4F7556}") = "TvMaze.External", "TvMaze.External\TvMaze.External.csproj", "{47ECE668-FA30-4125-B638-A03DCFDD48AC}"
EndProject
Project("{2150E333-8FDC-42A3-9474-1A3956D46DE8}") = "Test", "Test", "{A3F9B516-2660-4238-AC18-6A2636DD3E3E}"
EndProject
Project("{9A19103F-16F7-4668-BE54-9A1E7A4F7556}") = "TvMazeScraper.WebApi.Integration.Tests", "TvMazeScraper.WebApi.Integration.Tests\TvMazeScraper.WebApi.Integration.Tests.csproj", "{11A1FDB7-05EA-4C58-9326-8D6FDC8D252B}"
EndProject
Project("{FAE04EC0-301F-11D3-BF4B-00C04F79EFBC}") = "TvMaze.Application.Tests", "TvMaze.Application.Tests\TvMaze.Application.Tests.csproj", "{1E0C768E-397A-47B0-9A0B-221DEA792169}"
EndProject
Global
	GlobalSection(SolutionConfigurationPlatforms) = preSolution
		Debug|Any CPU = Debug|Any CPU
		Release|Any CPU = Release|Any CPU
	EndGlobalSection
	GlobalSection(ProjectConfigurationPlatforms) = postSolution
		{D84696A4-EC05-442A-A351-FA87628933DB}.Debug|Any CPU.ActiveCfg = Debug|Any CPU
		{D84696A4-EC05-442A-A351-FA87628933DB}.Debug|Any CPU.Build.0 = Debug|Any CPU
		{D84696A4-EC05-442A-A351-FA87628933DB}.Release|Any CPU.ActiveCfg = Release|Any CPU
		{D84696A4-EC05-442A-A351-FA87628933DB}.Release|Any CPU.Build.0 = Release|Any CPU
		{54C9E4EC-912D-4E79-9DB9-F4C4551E621E}.Debug|Any CPU.ActiveCfg = Debug|Any CPU
		{54C9E4EC-912D-4E79-9DB9-F4C4551E621E}.Debug|Any CPU.Build.0 = Debug|Any CPU
		{54C9E4EC-912D-4E79-9DB9-F4C4551E621E}.Release|Any CPU.ActiveCfg = Release|Any CPU
		{54C9E4EC-912D-4E79-9DB9-F4C4551E621E}.Release|Any CPU.Build.0 = Release|Any CPU
		{F5070884-F094-4612-9641-9E02ABE84145}.Debug|Any CPU.ActiveCfg = Debug|Any CPU
		{F5070884-F094-4612-9641-9E02ABE84145}.Debug|Any CPU.Build.0 = Debug|Any CPU
		{F5070884-F094-4612-9641-9E02ABE84145}.Release|Any CPU.ActiveCfg = Release|Any CPU
		{F5070884-F094-4612-9641-9E02ABE84145}.Release|Any CPU.Build.0 = Release|Any CPU
		{976BB033-5EB8-4E8E-B381-3C55E75E5F80}.Debug|Any CPU.ActiveCfg = Debug|Any CPU
		{976BB033-5EB8-4E8E-B381-3C55E75E5F80}.Debug|Any CPU.Build.0 = Debug|Any CPU
		{976BB033-5EB8-4E8E-B381-3C55E75E5F80}.Release|Any CPU.ActiveCfg = Release|Any CPU
		{976BB033-5EB8-4E8E-B381-3C55E75E5F80}.Release|Any CPU.Build.0 = Release|Any CPU
		{06F03243-4E51-4302-9D85-7D49EF96F3C3}.Debug|Any CPU.ActiveCfg = Debug|Any CPU
		{06F03243-4E51-4302-9D85-7D49EF96F3C3}.Debug|Any CPU.Build.0 = Debug|Any CPU
		{06F03243-4E51-4302-9D85-7D49EF96F3C3}.Release|Any CPU.ActiveCfg = Release|Any CPU
		{06F03243-4E51-4302-9D85-7D49EF96F3C3}.Release|Any CPU.Build.0 = Release|Any CPU
		{3259FF25-1B97-43EF-9AAF-F2F6873C8767}.Debug|Any CPU.ActiveCfg = Debug|Any CPU
		{3259FF25-1B97-43EF-9AAF-F2F6873C8767}.Debug|Any CPU.Build.0 = Debug|Any CPU
		{3259FF25-1B97-43EF-9AAF-F2F6873C8767}.Release|Any CPU.ActiveCfg = Release|Any CPU
		{3259FF25-1B97-43EF-9AAF-F2F6873C8767}.Release|Any CPU.Build.0 = Release|Any CPU
		{660383E2-429B-4B82-9B3D-7AE18A38B040}.Debug|Any CPU.ActiveCfg = Debug|Any CPU
		{660383E2-429B-4B82-9B3D-7AE18A38B040}.Debug|Any CPU.Build.0 = Debug|Any CPU
		{660383E2-429B-4B82-9B3D-7AE18A38B040}.Release|Any CPU.ActiveCfg = Release|Any CPU
		{660383E2-429B-4B82-9B3D-7AE18A38B040}.Release|Any CPU.Build.0 = Release|Any CPU
		{47ECE668-FA30-4125-B638-A03DCFDD48AC}.Debug|Any CPU.ActiveCfg = Debug|Any CPU
		{47ECE668-FA30-4125-B638-A03DCFDD48AC}.Debug|Any CPU.Build.0 = Debug|Any CPU
		{47ECE668-FA30-4125-B638-A03DCFDD48AC}.Release|Any CPU.ActiveCfg = Release|Any CPU
		{47ECE668-FA30-4125-B638-A03DCFDD48AC}.Release|Any CPU.Build.0 = Release|Any CPU
		{11A1FDB7-05EA-4C58-9326-8D6FDC8D252B}.Debug|Any CPU.ActiveCfg = Debug|Any CPU
		{11A1FDB7-05EA-4C58-9326-8D6FDC8D252B}.Debug|Any CPU.Build.0 = Debug|Any CPU
		{11A1FDB7-05EA-4C58-9326-8D6FDC8D252B}.Release|Any CPU.ActiveCfg = Release|Any CPU
		{11A1FDB7-05EA-4C58-9326-8D6FDC8D252B}.Release|Any CPU.Build.0 = Release|Any CPU
		{1E0C768E-397A-47B0-9A0B-221DEA792169}.Debug|Any CPU.ActiveCfg = Debug|Any CPU
		{1E0C768E-397A-47B0-9A0B-221DEA792169}.Debug|Any CPU.Build.0 = Debug|Any CPU
		{1E0C768E-397A-47B0-9A0B-221DEA792169}.Release|Any CPU.ActiveCfg = Release|Any CPU
		{1E0C768E-397A-47B0-9A0B-221DEA792169}.Release|Any CPU.Build.0 = Release|Any CPU
	EndGlobalSection
	GlobalSection(SolutionProperties) = preSolution
		HideSolutionNode = FALSE
	EndGlobalSection
	GlobalSection(NestedProjects) = preSolution
		{D84696A4-EC05-442A-A351-FA87628933DB} = {30795911-6AD9-485E-976D-B262AA945C3A}
		{F7009165-1C99-41AA-85ED-44735C6AE0FB} = {05E4CAF5-5AC3-446F-B0A7-AD380D7243AC}
		{54C9E4EC-912D-4E79-9DB9-F4C4551E621E} = {F7009165-1C99-41AA-85ED-44735C6AE0FB}
		{F5070884-F094-4612-9641-9E02ABE84145} = {F24DF618-C67F-432D-B756-2F5F78D481DF}
		{976BB033-5EB8-4E8E-B381-3C55E75E5F80} = {09B38E55-6317-4F09-9B24-AD714ED06C32}
		{06F03243-4E51-4302-9D85-7D49EF96F3C3} = {F7009165-1C99-41AA-85ED-44735C6AE0FB}
		{3259FF25-1B97-43EF-9AAF-F2F6873C8767} = {05E4CAF5-5AC3-446F-B0A7-AD380D7243AC}
		{660383E2-429B-4B82-9B3D-7AE18A38B040} = {F7009165-1C99-41AA-85ED-44735C6AE0FB}
		{47ECE668-FA30-4125-B638-A03DCFDD48AC} = {09B38E55-6317-4F09-9B24-AD714ED06C32}
		{11A1FDB7-05EA-4C58-9326-8D6FDC8D252B} = {A3F9B516-2660-4238-AC18-6A2636DD3E3E}
		{1E0C768E-397A-47B0-9A0B-221DEA792169} = {A3F9B516-2660-4238-AC18-6A2636DD3E3E}
	EndGlobalSection
	GlobalSection(ExtensibilityGlobals) = postSolution
		SolutionGuid = {CB599B07-B7F8-47F3-A81B-293256F6B011}
	EndGlobalSection
EndGlobal
